
Microsoft Visual Studio Solution File, Format Version 12.00
# Visual Studio Version 17
VisualStudioVersion = 17.5.002.0
MinimumVisualStudioVersion = 10.0.40219.1
Project("{9A19103F-16F7-4668-BE54-9A1E7A4F7556}") = "primeiroapp", "primeiroapp.csproj", "{82F55A79-4D4A-4C7E-9E62-14F3F477C084}"
EndProject
Global
	GlobalSection(SolutionConfigurationPlatforms) = preSolution
		Debug|Any CPU = Debug|Any CPU
		Release|Any CPU = Release|Any CPU
	EndGlobalSection
	GlobalSection(ProjectConfigurationPlatforms) = postSolution
		{82F55A79-4D4A-4C7E-9E62-14F3F477C084}.Debug|Any CPU.ActiveCfg = Debug|Any CPU
		{82F55A79-4D4A-4C7E-9E62-14F3F477C084}.Debug|Any CPU.Build.0 = Debug|Any CPU
		{82F55A79-4D4A-4C7E-9E62-14F3F477C084}.Release|Any CPU.ActiveCfg = Release|Any CPU
		{82F55A79-4D4A-4C7E-9E62-14F3F477C084}.Release|Any CPU.Build.0 = Release|Any CPU
	EndGlobalSection
	GlobalSection(SolutionProperties) = preSolution
		HideSolutionNode = FALSE
	EndGlobalSection
	GlobalSection(ExtensibilityGlobals) = postSolution
		SolutionGuid = {DA67D3C5-0679-4B35-A53F-08C6717B89BF}
	EndGlobalSection
EndGlobal
